{
    "_meta": {
        "hash": {
            "sha256": "2b42e887d00c5f471993e06ce41d4d36762a93d452a42a85a0a59a6823d35a31"
        },
        "pipfile-spec": 6,
        "requires": {
            "python_version": "3.7"
        },
        "sources": [
            {
                "name": "pypi",
                "url": "https://pypi.org/simple",
                "verify_ssl": true
            }
        ]
    },
    "default": {
        "dj-database-url": {
            "hashes": [
                "sha256:4aeaeb1f573c74835b0686a2b46b85990571159ffc21aa57ecd4d1e1cb334163",
                "sha256:851785365761ebe4994a921b433062309eb882fedd318e1b0fcecc607ed02da9"
            ],
            "index": "pypi",
            "version": "==0.5.0"
        },
        "django-environ": {
            "hashes": [
                "sha256:42593bee519a527602a467c7b682aee1a051c2597f98c45f4f4f44169ecdb6e5",
                "sha256:6f0bc902b43891656b20486938cba0861dc62892784a44919170719572a534cb"
            ],
            "index": "pypi",
            "version": "==0.8.1"
        }
    },
    "develop": {}
}
